{
  "name": "yuapp",
  "version": "0.1.0",
  "lockfileVersion": 1,
  "requires": true,
  "dependencies": {
    "babel-runtime": {
      "version": "6.26.0",
      "resolved": "http://registry.npm.taobao.org/babel-runtime/download/babel-runtime-6.26.0.tgz",
      "integrity": "sha1-llxwWGaOgrVde/4E/yM3vItWR/4=",
      "dev": true,
      "requires": {
        "core-js": "2.5.7",
        "regenerator-runtime": "0.11.1"
      }
    },
    "core-js": {
      "version": "2.5.7",
      "resolved": "http://registry.npm.taobao.org/core-js/download/core-js-2.5.7.tgz",
      "integrity": "sha1-+XJgj/DOrWi4QaFqky0LGDeRgU4=",
      "dev": true
    },
    "dom-walk": {
      "version": "0.1.1",
      "resolved": "http://registry.npm.taobao.org/dom-walk/download/dom-walk-0.1.1.tgz",
      "integrity": "sha1-ZyIm3HTI95mtNTB9+TaroRrNYBg=",
      "dev": true
    },
    "dva-core": {
      "version": "1.1.0",
      "resolved": "http://registry.npm.taobao.org/dva-core/download/dva-core-1.1.0.tgz",
      "integrity": "sha1-ojGv3eDw7pg4vMSvwIQ9oPFns/U=",
      "dev": true,
      "requires": {
        "babel-runtime": "6.26.0",
        "flatten": "1.0.2",
        "global": "4.3.2",
        "invariant": "2.2.4",
        "is-plain-object": "2.0.4",
        "redux": "3.7.2",
        "redux-saga": "0.15.6",
        "warning": "3.0.0"
      },
      "dependencies": {
        "redux-saga": {
          "version": "0.15.6",
          "resolved": "http://registry.npm.taobao.org/redux-saga/download/redux-saga-0.15.6.tgz",
          "integrity": "sha1-hjjcUi3mxsCklv6LK1RmKHrC3E0=",
          "dev": true
        }
      }
    },
    "flatten": {
      "version": "1.0.2",
      "resolved": "http://registry.npm.taobao.org/flatten/download/flatten-1.0.2.tgz",
      "integrity": "sha1-2uRqnXj74lKSJYzB54CkHZXAN4I=",
      "dev": true
    },
    "global": {
      "version": "4.3.2",
      "resolved": "http://registry.npm.taobao.org/global/download/global-4.3.2.tgz",
      "integrity": "sha1-52mJJopsdMOJCLEwWxD8DjlOnQ8=",
      "dev": true,
      "requires": {
        "min-document": "2.19.0",
        "process": "0.5.2"
      }
    },
    "invariant": {
      "version": "2.2.4",
      "resolved": "http://registry.npm.taobao.org/invariant/download/invariant-2.2.4.tgz",
      "integrity": "sha1-YQ88ksk1nOHbYW5TgAjSP/NRWOY=",
      "dev": true,
      "requires": {
        "loose-envify": "1.3.1"
      }
    },
    "is-plain-object": {
      "version": "2.0.4",
      "resolved": "http://registry.npm.taobao.org/is-plain-object/download/is-plain-object-2.0.4.tgz",
      "integrity": "sha1-LBY7P6+xtgbZ0Xko8FwqHDjgdnc=",
      "dev": true,
      "requires": {
        "isobject": "3.0.1"
      }
    },
    "isobject": {
      "version": "3.0.1",
      "resolved": "http://registry.npm.taobao.org/isobject/download/isobject-3.0.1.tgz",
      "integrity": "sha1-TkMekrEalzFjaqH5yNHMvP2reN8=",
      "dev": true
    },
    "js-tokens": {
      "version": "3.0.2",
      "resolved": "http://registry.npm.taobao.org/js-tokens/download/js-tokens-3.0.2.tgz",
      "integrity": "sha1-mGbfOVECEw449/mWvOtlRDIJwls=",
      "dev": true
    },
    "lodash": {
      "version": "4.17.10",
      "resolved": "http://registry.npm.taobao.org/lodash/download/lodash-4.17.10.tgz",
      "integrity": "sha1-G3eTz3JZ6jj7NmHU04syYK+K5Oc=",
      "dev": true
    },
    "lodash-es": {
      "version": "4.17.10",
      "resolved": "http://registry.npm.taobao.org/lodash-es/download/lodash-es-4.17.10.tgz",
      "integrity": "sha1-Ys1xBM313YfyNag38O3g6OURfgU=",
      "dev": true
    },
    "loose-envify": {
      "version": "1.3.1",
      "resolved": "http://registry.npm.taobao.org/loose-envify/download/loose-envify-1.3.1.tgz",
      "integrity": "sha1-0aitM/qc4OcT1l/dCsi3SNR4yEg=",
      "dev": true,
      "requires": {
        "js-tokens": "3.0.2"
      }
    },
    "min-document": {
      "version": "2.19.0",
      "resolved": "http://registry.npm.taobao.org/min-document/download/min-document-2.19.0.tgz",
      "integrity": "sha1-e9KC4/WELtKVu3SM3Z8f+iyCRoU=",
      "dev": true,
      "requires": {
        "dom-walk": "0.1.1"
      }
    },
    "process": {
      "version": "0.5.2",
      "resolved": "http://registry.npm.taobao.org/process/download/process-0.5.2.tgz",
      "integrity": "sha1-FjjYqONML0QKkduVq5rrZ3/Bhc8=",
      "dev": true
    },
    "redux": {
      "version": "3.7.2",
      "resolved": "http://registry.npm.taobao.org/redux/download/redux-3.7.2.tgz",
      "integrity": "sha1-BrcxIyFZAdJdBlvjQusCa8HIU3s=",
      "dev": true,
      "requires": {
        "lodash": "4.17.10",
        "lodash-es": "4.17.10",
        "loose-envify": "1.3.1",
        "symbol-observable": "1.2.0"
      }
    },
    "regenerator-runtime": {
      "version": "0.11.1",
      "resolved": "http://registry.npm.taobao.org/regenerator-runtime/download/regenerator-runtime-0.11.1.tgz",
      "integrity": "sha1-vgWtf5v30i4Fb5cmzuUBf78Z4uk=",
      "dev": true
    },
    "symbol-observable": {
      "version": "1.2.0",
      "resolved": "http://registry.npm.taobao.org/symbol-observable/download/symbol-observable-1.2.0.tgz",
      "integrity": "sha1-wiaIrtTqs83C3+rLtWFmBWCgCAQ=",
      "dev": true
    },
    "warning": {
      "version": "3.0.0",
      "resolved": "http://registry.npm.taobao.org/warning/download/warning-3.0.0.tgz",
      "integrity": "sha1-MuU3fLVy3kqwR1O9+IIcAe1gW3w=",
      "dev": true,
      "requires": {
        "loose-envify": "1.3.1"
      }
    }
  }
}
